
Microsoft Visual Studio Solution File, Format Version 12.00
# Visual Studio Version 16
VisualStudioVersion = 16.0.28803.156
MinimumVisualStudioVersion = 10.0.40219.1
Project("{FAE04EC0-301F-11D3-BF4B-00C04F79EFBC}") = "ActionControl.Net", "ActionControl.Net\ActionControl.Net.csproj", "{BB50AA56-F281-4AFC-AE3A-EBA54C6223AA}"
EndProject
Project("{FAE04EC0-301F-11D3-BF4B-00C04F79EFBC}") = "ContinuousControl.Net", "ContinuousControl.Net\ContinuousControl.Net.csproj", "{8F27BD5D-46A2-4787-BBA9-C6CD813E21A3}"
EndProject
Project("{FAE04EC0-301F-11D3-BF4B-00C04F79EFBC}") = "Initialization.Net", "Initialization.Net\Initialization.Net.csproj", "{ACAB4545-CC24-48CD-96C6-CDB90F4F09FC}"
EndProject
Global
	GlobalSection(SolutionConfigurationPlatforms) = preSolution
		Debug|x64 = Debug|x64
		Release|x64 = Release|x64
	EndGlobalSection
	GlobalSection(ProjectConfigurationPlatforms) = postSolution
		{BB50AA56-F281-4AFC-AE3A-EBA54C6223AA}.Debug|x64.ActiveCfg = Debug|x64
		{BB50AA56-F281-4AFC-AE3A-EBA54C6223AA}.Debug|x64.Build.0 = Debug|x64
		{BB50AA56-F281-4AFC-AE3A-EBA54C6223AA}.Release|x64.ActiveCfg = Release|x64
		{BB50AA56-F281-4AFC-AE3A-EBA54C6223AA}.Release|x64.Build.0 = Release|x64
		{8F27BD5D-46A2-4787-BBA9-C6CD813E21A3}.Debug|x64.ActiveCfg = Debug|x64
		{8F27BD5D-46A2-4787-BBA9-C6CD813E21A3}.Debug|x64.Build.0 = Debug|x64
		{8F27BD5D-46A2-4787-BBA9-C6CD813E21A3}.Release|x64.ActiveCfg = Release|x64
		{8F27BD5D-46A2-4787-BBA9-C6CD813E21A3}.Release|x64.Build.0 = Release|x64
		{ACAB4545-CC24-48CD-96C6-CDB90F4F09FC}.Debug|x64.ActiveCfg = Debug|x64
		{ACAB4545-CC24-48CD-96C6-CDB90F4F09FC}.Debug|x64.Build.0 = Debug|x64
		{ACAB4545-CC24-48CD-96C6-CDB90F4F09FC}.Release|x64.ActiveCfg = Release|x64
		{ACAB4545-CC24-48CD-96C6-CDB90F4F09FC}.Release|x64.Build.0 = Release|x64
	EndGlobalSection
	GlobalSection(SolutionProperties) = preSolution
		HideSolutionNode = FALSE
	EndGlobalSection
	GlobalSection(ExtensibilityGlobals) = postSolution
		SolutionGuid = {9D60AB3D-9303-409C-8326-EBCEA119E1BC}
	EndGlobalSection
EndGlobal
